
Microsoft Visual Studio Solution File, Format Version 12.00
# Visual Studio 15
VisualStudioVersion = 15.0.26124.0
MinimumVisualStudioVersion = 15.0.26124.0
Project("{2150E333-8FDC-42A3-9474-1A3956D46DE8}") = "src", "src", "{FC3AAB4A-DE32-436F-85A7-D07D50C193A4}"
EndProject
Project("{FAE04EC0-301F-11D3-BF4B-00C04F79EFBC}") = "GiftApi", "src\GiftApi\GiftApi.csproj", "{3E6FA590-1F5E-4D49-92FA-4B9EDA36D236}"
EndProject
Project("{2150E333-8FDC-42A3-9474-1A3956D46DE8}") = "tests", "tests", "{ECCB9E23-8126-4DD3-BAD8-DA14161BA03B}"
EndProject
Project("{2150E333-8FDC-42A3-9474-1A3956D46DE8}") = "unit", "unit", "{F747D585-2793-408B-BFE2-E38D41A75102}"
EndProject
Project("{FAE04EC0-301F-11D3-BF4B-00C04F79EFBC}") = "GiftApi.Tests", "tests\unit\GiftApi.Tests\GiftApi.Tests.csproj", "{707180FF-C85A-4E50-A259-404A5BC8D210}"
EndProject
Global
	GlobalSection(SolutionConfigurationPlatforms) = preSolution
		Debug|Any CPU = Debug|Any CPU
		Debug|x64 = Debug|x64
		Debug|x86 = Debug|x86
		Release|Any CPU = Release|Any CPU
		Release|x64 = Release|x64
		Release|x86 = Release|x86
	EndGlobalSection
	GlobalSection(SolutionProperties) = preSolution
		HideSolutionNode = FALSE
	EndGlobalSection
	GlobalSection(ProjectConfigurationPlatforms) = postSolution
		{3E6FA590-1F5E-4D49-92FA-4B9EDA36D236}.Debug|Any CPU.ActiveCfg = Debug|Any CPU
		{3E6FA590-1F5E-4D49-92FA-4B9EDA36D236}.Debug|Any CPU.Build.0 = Debug|Any CPU
		{3E6FA590-1F5E-4D49-92FA-4B9EDA36D236}.Debug|x64.ActiveCfg = Debug|Any CPU
		{3E6FA590-1F5E-4D49-92FA-4B9EDA36D236}.Debug|x64.Build.0 = Debug|Any CPU
		{3E6FA590-1F5E-4D49-92FA-4B9EDA36D236}.Debug|x86.ActiveCfg = Debug|Any CPU
		{3E6FA590-1F5E-4D49-92FA-4B9EDA36D236}.Debug|x86.Build.0 = Debug|Any CPU
		{3E6FA590-1F5E-4D49-92FA-4B9EDA36D236}.Release|Any CPU.ActiveCfg = Release|Any CPU
		{3E6FA590-1F5E-4D49-92FA-4B9EDA36D236}.Release|Any CPU.Build.0 = Release|Any CPU
		{3E6FA590-1F5E-4D49-92FA-4B9EDA36D236}.Release|x64.ActiveCfg = Release|Any CPU
		{3E6FA590-1F5E-4D49-92FA-4B9EDA36D236}.Release|x64.Build.0 = Release|Any CPU
		{3E6FA590-1F5E-4D49-92FA-4B9EDA36D236}.Release|x86.ActiveCfg = Release|Any CPU
		{3E6FA590-1F5E-4D49-92FA-4B9EDA36D236}.Release|x86.Build.0 = Release|Any CPU
		{707180FF-C85A-4E50-A259-404A5BC8D210}.Debug|Any CPU.ActiveCfg = Debug|Any CPU
		{707180FF-C85A-4E50-A259-404A5BC8D210}.Debug|Any CPU.Build.0 = Debug|Any CPU
		{707180FF-C85A-4E50-A259-404A5BC8D210}.Debug|x64.ActiveCfg = Debug|Any CPU
		{707180FF-C85A-4E50-A259-404A5BC8D210}.Debug|x64.Build.0 = Debug|Any CPU
		{707180FF-C85A-4E50-A259-404A5BC8D210}.Debug|x86.ActiveCfg = Debug|Any CPU
		{707180FF-C85A-4E50-A259-404A5BC8D210}.Debug|x86.Build.0 = Debug|Any CPU
		{707180FF-C85A-4E50-A259-404A5BC8D210}.Release|Any CPU.ActiveCfg = Release|Any CPU
		{707180FF-C85A-4E50-A259-404A5BC8D210}.Release|Any CPU.Build.0 = Release|Any CPU
		{707180FF-C85A-4E50-A259-404A5BC8D210}.Release|x64.ActiveCfg = Release|Any CPU
		{707180FF-C85A-4E50-A259-404A5BC8D210}.Release|x64.Build.0 = Release|Any CPU
		{707180FF-C85A-4E50-A259-404A5BC8D210}.Release|x86.ActiveCfg = Release|Any CPU
		{707180FF-C85A-4E50-A259-404A5BC8D210}.Release|x86.Build.0 = Release|Any CPU
	EndGlobalSection
	GlobalSection(NestedProjects) = preSolution
		{3E6FA590-1F5E-4D49-92FA-4B9EDA36D236} = {FC3AAB4A-DE32-436F-85A7-D07D50C193A4}
		{F747D585-2793-408B-BFE2-E38D41A75102} = {ECCB9E23-8126-4DD3-BAD8-DA14161BA03B}
		{707180FF-C85A-4E50-A259-404A5BC8D210} = {F747D585-2793-408B-BFE2-E38D41A75102}
	EndGlobalSection
EndGlobal
